
Microsoft Visual Studio Solution File, Format Version 12.00
# Visual Studio Version 17
VisualStudioVersion = 17.4.33103.184
MinimumVisualStudioVersion = 10.0.40219.1
Project("{FAE04EC0-301F-11D3-BF4B-00C04F79EFBC}") = "DockerConsole", "DockerConsole\DockerConsole.csproj", "{4ACE1B04-99D0-4BDD-AFE5-25AF07C187ED}"
EndProject
Global
	GlobalSection(SolutionConfigurationPlatforms) = preSolution
		Debug|Any CPU = Debug|Any CPU
		Release|Any CPU = Release|Any CPU
	EndGlobalSection
	GlobalSection(ProjectConfigurationPlatforms) = postSolution
		{4ACE1B04-99D0-4BDD-AFE5-25AF07C187ED}.Debug|Any CPU.ActiveCfg = Debug|Any CPU
		{4ACE1B04-99D0-4BDD-AFE5-25AF07C187ED}.Debug|Any CPU.Build.0 = Debug|Any CPU
		{4ACE1B04-99D0-4BDD-AFE5-25AF07C187ED}.Release|Any CPU.ActiveCfg = Release|Any CPU
		{4ACE1B04-99D0-4BDD-AFE5-25AF07C187ED}.Release|Any CPU.Build.0 = Release|Any CPU
	EndGlobalSection
	GlobalSection(SolutionProperties) = preSolution
		HideSolutionNode = FALSE
	EndGlobalSection
	GlobalSection(ExtensibilityGlobals) = postSolution
		SolutionGuid = {020ED760-F432-44A8-8829-4DE4E13B9EC8}
	EndGlobalSection
EndGlobal
